
Microsoft Visual Studio Solution File, Format Version 12.00
# Visual Studio Version 17
VisualStudioVersion = 17.12.35707.178 d17.12
MinimumVisualStudioVersion = 10.0.40219.1
Project("{FAE04EC0-301F-11D3-BF4B-00C04F79EFBC}") = "LibraryApp", "LibraryApp\LibraryApp.csproj", "{529789F9-3669-43EF-BFD2-662F33F30247}"
EndProject
Global
	GlobalSection(SolutionConfigurationPlatforms) = preSolution
		Debug|Any CPU = Debug|Any CPU
		Release|Any CPU = Release|Any CPU
	EndGlobalSection
	GlobalSection(ProjectConfigurationPlatforms) = postSolution
		{529789F9-3669-43EF-BFD2-662F33F30247}.Debug|Any CPU.ActiveCfg = Debug|Any CPU
		{529789F9-3669-43EF-BFD2-662F33F30247}.Debug|Any CPU.Build.0 = Debug|Any CPU
		{529789F9-3669-43EF-BFD2-662F33F30247}.Release|Any CPU.ActiveCfg = Release|Any CPU
		{529789F9-3669-43EF-BFD2-662F33F30247}.Release|Any CPU.Build.0 = Release|Any CPU
	EndGlobalSection
	GlobalSection(SolutionProperties) = preSolution
		HideSolutionNode = FALSE
	EndGlobalSection
EndGlobal
